// !$*UTF8*$!
{
	archiveVersion = 1;
	classes = {
	};
	objectVersion = 50;
	objects = {

/* Begin PBXBuildFile section */
		4C326937238480070073634E /* ViewControllerTwo.swift in Sources */ = {isa = PBXBuildFile; fileRef = 4C326936238480070073634E /* ViewControllerTwo.swift */; };
		4C93D352237DEC5C00AAD124 /* AppDelegate.swift in Sources */ = {isa = PBXBuildFile; fileRef = 4C93D351237DEC5C00AAD124 /* AppDelegate.swift */; };
		4C93D354237DEC5C00AAD124 /* SceneDelegate.swift in Sources */ = {isa = PBXBuildFile; fileRef = 4C93D353237DEC5C00AAD124 /* SceneDelegate.swift */; };
		4C93D356237DEC5C00AAD124 /* ViewController.swift in Sources */ = {isa = PBXBuildFile; fileRef = 4C93D355237DEC5C00AAD124 /* ViewController.swift */; };
		4C93D359237DEC5C00AAD124 /* Main.storyboard in Resources */ = {isa = PBXBuildFile; fileRef = 4C93D357237DEC5C00AAD124 /* Main.storyboard */; };
		4C93D35B237DEC5E00AAD124 /* Assets.xcassets in Resources */ = {isa = PBXBuildFile; fileRef = 4C93D35A237DEC5E00AAD124 /* Assets.xcassets */; };
		4C93D35E237DEC5E00AAD124 /* LaunchScreen.storyboard in Resources */ = {isa = PBXBuildFile; fileRef = 4C93D35C237DEC5E00AAD124 /* LaunchScreen.storyboard */; };
		4CF9BAEA23A2746800C2CAFB /* viewControllerThree.swift in Sources */ = {isa = PBXBuildFile; fileRef = 4CF9BAE923A2746800C2CAFB /* viewControllerThree.swift */; };
/* End PBXBuildFile section */

/* Begin PBXFileReference section */
		4C326936238480070073634E /* ViewControllerTwo.swift */ = {isa = PBXFileReference; lastKnownFileType = sourcecode.swift; path = ViewControllerTwo.swift; sourceTree = "<group>"; };
		4C93D34E237DEC5C00AAD124 /* Griddy.app */ = {isa = PBXFileReference; explicitFileType = wrapper.application; includeInIndex = 0; path = Griddy.app; sourceTree = BUILT_PRODUCTS_DIR; };
		4C93D351237DEC5C00AAD124 /* AppDelegate.swift */ = {isa = PBXFileReference; lastKnownFileType = sourcecode.swift; path = AppDelegate.swift; sourceTree = "<group>"; };
		4C93D353237DEC5C00AAD124 /* SceneDelegate.swift */ = {isa = PBXFileReference; lastKnownFileType = sourcecode.swift; path = SceneDelegate.swift; sourceTree = "<group>"; };
		4C93D355237DEC5C00AAD124 /* ViewController.swift */ = {isa = PBXFileReference; lastKnownFileType = sourcecode.swift; path = ViewController.swift; sourceTree = "<group>"; };
		4C93D358237DEC5C00AAD124 /* Base */ = {isa = PBXFileReference; lastKnownFileType = file.storyboard; name = Base; path = Base.lproj/Main.storyboard; sourceTree = "<group>"; };
		4C93D35A237DEC5E00AAD124 /* Assets.xcassets */ = {isa = PBXFileReference; lastKnownFileType = folder.assetcatalog; path = Assets.xcassets; sourceTree = "<group>"; };
		4C93D35D237DEC5E00AAD124 /* Base */ = {isa = PBXFileReference; lastKnownFileType = file.storyboard; name = Base; path = Base.lproj/LaunchScreen.storyboard; sourceTree = "<group>"; };
		4C93D35F237DEC5E00AAD124 /* Info.plist */ = {isa = PBXFileReference; lastKnownFileType = text.plist.xml; path = Info.plist; sourceTree = "<group>"; };
		4CF9BAE923A2746800C2CAFB /* viewControllerThree.swift */ = {isa = PBXFileReference; lastKnownFileType = sourcecode.swift; path = viewControllerThree.swift; sourceTree = "<group>"; };
/* End PBXFileReference section */

/* Begin PBXFrameworksBuildPhase section */
		4C93D34B237DEC5C00AAD124 /* Frameworks */ = {
			isa = PBXFrameworksBuildPhase;
			buildActionMask = 2147483647;
			files = (
			);
			runOnlyForDeploymentPostprocessing = 0;
		};
/* End PBXFrameworksBuildPhase section */

/* Begin PBXGroup section */
		4C93D345237DEC5C00AAD124 = {
			isa = PBXGroup;
			children = (
				4C93D350237DEC5C00AAD124 /* Griddy */,
				4C93D34F237DEC5C00AAD124 /* Products */,
			);
			sourceTree = "<group>";
		};
		4C93D34F237DEC5C00AAD124 /* Products */ = {
			isa = PBXGroup;
			children = (
				4C93D34E237DEC5C00AAD124 /* Griddy.app */,
			);
			name = Products;
			sourceTree = "<group>";
		};
		4C93D350237DEC5C00AAD124 /* Griddy */ = {
			isa = PBXGroup;
			children = (
				4C93D368237DECCB00AAD124 /* model */,
				4C93D367237DECC200AAD124 /* view */,
				4C93D366237DECB600AAD124 /* controller */,
				4C93D365237DECA500AAD124 /* supporting files */,
				4C93D351237DEC5C00AAD124 /* AppDelegate.swift */,
				4C93D353237DEC5C00AAD124 /* SceneDelegate.swift */,
				4C93D35A237DEC5E00AAD124 /* Assets.xcassets */,
				4C93D35C237DEC5E00AAD124 /* LaunchScreen.storyboard */,
				4C93D35F237DEC5E00AAD124 /* Info.plist */,
			);
			path = Griddy;
			sourceTree = "<group>";
		};
		4C93D365237DECA500AAD124 /* supporting files */ = {
			isa = PBXGroup;
			children = (
			);
			path = "supporting files";
			sourceTree = "<group>";
		};
		4C93D366237DECB600AAD124 /* controller */ = {
			isa = PBXGroup;
			children = (
				4C93D355237DEC5C00AAD124 /* ViewController.swift */,
				4C326936238480070073634E /* ViewControllerTwo.swift */,
				4CF9BAE923A2746800C2CAFB /* viewControllerThree.swift */,
			);
			path = controller;
			sourceTree = "<group>";
		};
		4C93D367237DECC200AAD124 /* view */ = {
			isa = PBXGroup;
			children = (
				4C93D357237DEC5C00AAD124 /* Main.storyboard */,
			);
			path = view;
			sourceTree = "<group>";
		};
		4C93D368237DECCB00AAD124 /* model */ = {
			isa = PBXGroup;
			children = (
			);
			path = model;
			sourceTree = "<group>";
		};
/* End PBXGroup section */

/* Begin PBXNativeTarget section */
		4C93D34D237DEC5C00AAD124 /* Griddy */ = {
			isa = PBXNativeTarget;
			buildConfigurationList = 4C93D362237DEC5E00AAD124 /* Build configuration list for PBXNativeTarget "Griddy" */;
			buildPhases = (
				4C93D34A237DEC5C00AAD124 /* Sources */,
				4C93D34B237DEC5C00AAD124 /* Frameworks */,
				4C93D34C237DEC5C00AAD124 /* Resources */,
			);
			buildRules = (
			);
			dependencies = (
			);
			name = Griddy;
			productName = Griddy;
			productReference = 4C93D34E237DEC5C00AAD124 /* Griddy.app */;
			productType = "com.apple.product-type.application";
		};
/* End PBXNativeTarget section */

/* Begin PBXProject section */
		4C93D346237DEC5C00AAD124 /* Project object */ = {
			isa = PBXProject;
			attributes = {
				LastSwiftUpdateCheck = 1120;
				LastUpgradeCheck = 1120;
				ORGANIZATIONNAME = "Kalin Balabanov";
				TargetAttributes = {
					4C93D34D237DEC5C00AAD124 = {
						CreatedOnToolsVersion = 11.2;
					};
				};
			};
			buildConfigurationList = 4C93D349237DEC5C00AAD124 /* Build configuration list for PBXProject "Griddy" */;
			compatibilityVersion = "Xcode 9.3";
			developmentRegion = en;
			hasScannedForEncodings = 0;
			knownRegions = (
				en,
				Base,
			);
			mainGroup = 4C93D345237DEC5C00AAD124;
			productRefGroup = 4C93D34F237DEC5C00AAD124 /* Products */;
			projectDirPath = "";
			projectRoot = "";
			targets = (
				4C93D34D237DEC5C00AAD124 /* Griddy */,
			);
		};
/* End PBXProject section */

/* Begin PBXResourcesBuildPhase section */
		4C93D34C237DEC5C00AAD124 /* Resources */ = {
			isa = PBXResourcesBuildPhase;
			buildActionMask = 2147483647;
			files = (
				4C93D35E237DEC5E00AAD124 /* LaunchScreen.storyboard in Resources */,
				4C93D35B237DEC5E00AAD124 /* Assets.xcassets in Resources */,
				4C93D359237DEC5C00AAD124 /* Main.storyboard in Resources */,
			);
			runOnlyForDeploymentPostprocessing = 0;
		};
/* End PBXResourcesBuildPhase section */

/* Begin PBXSourcesBuildPhase section */
		4C93D34A237DEC5C00AAD124 /* Sources */ = {
			isa = PBXSourcesBuildPhase;
			buildActionMask = 2147483647;
			files = (
				4CF9BAEA23A2746800C2CAFB /* viewControllerThree.swift in Sources */,
				4C93D356237DEC5C00AAD124 /* ViewController.swift in Sources */,
				4C93D352237DEC5C00AAD124 /* AppDelegate.swift in Sources */,
				4C93D354237DEC5C00AAD124 /* SceneDelegate.swift in Sources */,
				4C326937238480070073634E /* ViewControllerTwo.swift in Sources */,
			);
			runOnlyForDeploymentPostprocessing = 0;
		};
/* End PBXSourcesBuildPhase section */

/* Begin PBXVariantGroup section */
		4C93D357237DEC5C00AAD124 /* Main.storyboard */ = {
			isa = PBXVariantGroup;
			children = (
				4C93D358237DEC5C00AAD124 /* Base */,
			);
			name = Main.storyboard;
			sourceTree = "<group>";
		};
		4C93D35C237DEC5E00AAD124 /* LaunchScreen.storyboard */ = {
			isa = PBXVariantGroup;
			children = (
				4C93D35D237DEC5E00AAD124 /* Base */,
			);
			name = LaunchScreen.storyboard;
			sourceTree = "<group>";
		};
/* End PBXVariantGroup section */

/* Begin XCBuildConfiguration section */
		4C93D360237DEC5E00AAD124 /* Debug */ = {
			isa = XCBuildConfiguration;
			buildSettings = {
				ALWAYS_SEARCH_USER_PATHS = NO;
				CLANG_ANALYZER_NONNULL = YES;
				CLANG_ANALYZER_NUMBER_OBJECT_CONVERSION = YES_AGGRESSIVE;
				CLANG_CXX_LANGUAGE_STANDARD = "gnu++14";
				CLANG_CXX_LIBRARY = "libc++";
				CLANG_ENABLE_MODULES = YES;
				CLANG_ENABLE_OBJC_ARC = YES;
				CLANG_ENABLE_OBJC_WEAK = YES;
				CLANG_WARN_BLOCK_CAPTURE_AUTORELEASING = YES;
				CLANG_WARN_BOOL_CONVERSION = YES;
				CLANG_WARN_COMMA = YES;
				CLANG_WARN_CONSTANT_CONVERSION = YES;
				CLANG_WARN_DEPRECATED_OBJC_IMPLEMENTATIONS = YES;
				CLANG_WARN_DIRECT_OBJC_ISA_USAGE = YES_ERROR;
				CLANG_WARN_DOCUMENTATION_COMMENTS = YES;
				CLANG_WARN_EMPTY_BODY = YES;
				CLANG_WARN_ENUM_CONVERSION = YES;
				CLANG_WARN_INFINITE_RECURSION = YES;
				CLANG_WARN_INT_CONVERSION = YES;
				CLANG_WARN_NON_LITERAL_NULL_CONVERSION = YES;
				CLANG_WARN_OBJC_IMPLICIT_RETAIN_SELF = YES;
				CLANG_WARN_OBJC_LITERAL_CONVERSION = YES;
				CLANG_WARN_OBJC_ROOT_CLASS = YES_ERROR;
				CLANG_WARN_RANGE_LOOP_ANALYSIS = YES;
				CLANG_WARN_STRICT_PROTOTYPES = YES;
				CLANG_WARN_SUSPICIOUS_MOVE = YES;
				CLANG_WARN_UNGUARDED_AVAILABILITY = YES_AGGRESSIVE;
				CLANG_WARN_UNREACHABLE_CODE = YES;
				CLANG_WARN__DUPLICATE_METHOD_MATCH = YES;
				COPY_PHASE_STRIP = NO;
				DEBUG_INFORMATION_FORMAT = dwarf;
				ENABLE_STRICT_OBJC_MSGSEND = YES;
				ENABLE_TESTABILITY = YES;
				GCC_C_LANGUAGE_STANDARD = gnu11;
				GCC_DYNAMIC_NO_PIC = NO;
				GCC_NO_COMMON_BLOCKS = YES;
				GCC_OPTIMIZATION_LEVEL = 0;
				GCC_PREPROCESSOR_DEFINITIONS = (
					"DEBUG=1",
					"$(inherited)",
				);
				GCC_WARN_64_TO_32_BIT_CONVERSION = YES;
				GCC_WARN_ABOUT_RETURN_TYPE = YES_ERROR;
				GCC_WARN_UNDECLARED_SELECTOR = YES;
				GCC_WARN_UNINITIALIZED_AUTOS = YES_AGGRESSIVE;
				GCC_WARN_UNUSED_FUNCTION = YES;
				GCC_WARN_UNUSED_VARIABLE = YES;
				IPHONEOS_DEPLOYMENT_TARGET = 13.2;
				MTL_ENABLE_DEBUG_INFO = INCLUDE_SOURCE;
				MTL_FAST_MATH = YES;
				ONLY_ACTIVE_ARCH = YES;
				SDKROOT = iphoneos;
				SWIFT_ACTIVE_COMPILATION_CONDITIONS = DEBUG;
				SWIFT_OPTIMIZATION_LEVEL = "-Onone";
			};
			name = Debug;
		};
		4C93D361237DEC5E00AAD124 /* Release */ = {
			isa = XCBuildConfiguration;
			buildSettings = {
				ALWAYS_SEARCH_USER_PATHS = NO;
				CLANG_ANALYZER_NONNULL = YES;
				CLANG_ANALYZER_NUMBER_OBJECT_CONVERSION = YES_AGGRESSIVE;
				CLANG_CXX_LANGUAGE_STANDARD = "gnu++14";
				CLANG_CXX_LIBRARY = "libc++";
				CLANG_ENABLE_MODULES = YES;
				CLANG_ENABLE_OBJC_ARC = YES;
				CLANG_ENABLE_OBJC_WEAK = YES;
				CLANG_WARN_BLOCK_CAPTURE_AUTORELEASING = YES;
				CLANG_WARN_BOOL_CONVERSION = YES;
				CLANG_WARN_COMMA = YES;
				CLANG_WARN_CONSTANT_CONVERSION = YES;
				CLANG_WARN_DEPRECATED_OBJC_IMPLEMENTATIONS = YES;
				CLANG_WARN_DIRECT_OBJC_ISA_USAGE = YES_ERROR;
				CLANG_WARN_DOCUMENTATION_COMMENTS = YES;
				CLANG_WARN_EMPTY_BODY = YES;
				CLANG_WARN_ENUM_CONVERSION = YES;
				CLANG_WARN_INFINITE_RECURSION = YES;
				CLANG_WARN_INT_CONVERSION = YES;
				CLANG_WARN_NON_LITERAL_NULL_CONVERSION = YES;
				CLANG_WARN_OBJC_IMPLICIT_RETAIN_SELF = YES;
				CLANG_WARN_OBJC_LITERAL_CONVERSION = YES;
				CLANG_WARN_OBJC_ROOT_CLASS = YES_ERROR;
				CLANG_WARN_RANGE_LOOP_ANALYSIS = YES;
				CLANG_WARN_STRICT_PROTOTYPES = YES;
				CLANG_WARN_SUSPICIOUS_MOVE = YES;
				CLANG_WARN_UNGUARDED_AVAILABILITY = YES_AGGRESSIVE;
				CLANG_WARN_UNREACHABLE_CODE = YES;
				CLANG_WARN__DUPLICATE_METHOD_MATCH = YES;
				COPY_PHASE_STRIP = NO;
				DEBUG_INFORMATION_FORMAT = "dwarf-with-dsym";
				ENABLE_NS_ASSERTIONS = NO;
				ENABLE_STRICT_OBJC_MSGSEND = YES;
				GCC_C_LANGUAGE_STANDARD = gnu11;
				GCC_NO_COMMON_BLOCKS = YES;
				GCC_WARN_64_TO_32_BIT_CONVERSION = YES;
				GCC_WARN_ABOUT_RETURN_TYPE = YES_ERROR;
				GCC_WARN_UNDECLARED_SELECTOR = YES;
				GCC_WARN_UNINITIALIZED_AUTOS = YES_AGGRESSIVE;
				GCC_WARN_UNUSED_FUNCTION = YES;
				GCC_WARN_UNUSED_VARIABLE = YES;
				IPHONEOS_DEPLOYMENT_TARGET = 13.2;
				MTL_ENABLE_DEBUG_INFO = NO;
				MTL_FAST_MATH = YES;
				SDKROOT = iphoneos;
				SWIFT_COMPILATION_MODE = wholemodule;
				SWIFT_OPTIMIZATION_LEVEL = "-O";
				VALIDATE_PRODUCT = YES;
			};
			name = Release;
		};
		4C93D363237DEC5E00AAD124 /* Debug */ = {
			isa = XCBuildConfiguration;
			buildSettings = {
				ASSETCATALOG_COMPILER_APPICON_NAME = AppIcon;
				CODE_SIGN_STYLE = Automatic;
				DEVELOPMENT_TEAM = H67HBX73UR;
				INFOPLIST_FILE = Griddy/Info.plist;
				LD_RUNPATH_SEARCH_PATHS = (
					"$(inherited)",
					"@executable_path/Frameworks",
				);
				PRODUCT_BUNDLE_IDENTIFIER = com.kalinbalabanov.Griddy;
				PRODUCT_NAME = "$(TARGET_NAME)";
				SWIFT_VERSION = 5.0;
				TARGETED_DEVICE_FAMILY = "1,2";
			};
			name = Debug;
		};
		4C93D364237DEC5E00AAD124 /* Release */ = {
			isa = XCBuildConfiguration;
			buildSettings = {
				ASSETCATALOG_COMPILER_APPICON_NAME = AppIcon;
				CODE_SIGN_STYLE = Automatic;
				DEVELOPMENT_TEAM = H67HBX73UR;
				INFOPLIST_FILE = Griddy/Info.plist;
				LD_RUNPATH_SEARCH_PATHS = (
					"$(inherited)",
					"@executable_path/Frameworks",
				);
				PRODUCT_BUNDLE_IDENTIFIER = com.kalinbalabanov.Griddy;
				PRODUCT_NAME = "$(TARGET_NAME)";
				SWIFT_VERSION = 5.0;
				TARGETED_DEVICE_FAMILY = "1,2";
			};
			name = Release;
		};
/* End XCBuildConfiguration section */

/* Begin XCConfigurationList section */
		4C93D349237DEC5C00AAD124 /* Build configuration list for PBXProject "Griddy" */ = {
			isa = XCConfigurationList;
			buildConfigurations = (
				4C93D360237DEC5E00AAD124 /* Debug */,
				4C93D361237DEC5E00AAD124 /* Release */,
			);
			defaultConfigurationIsVisible = 0;
			defaultConfigurationName = Release;
		};
		4C93D362237DEC5E00AAD124 /* Build configuration list for PBXNativeTarget "Griddy" */ = {
			isa = XCConfigurationList;
			buildConfigurations = (
				4C93D363237DEC5E00AAD124 /* Debug */,
				4C93D364237DEC5E00AAD124 /* Release */,
			);
			defaultConfigurationIsVisible = 0;
			defaultConfigurationName = Release;
		};
/* End XCConfigurationList section */
	};
	rootObject = 4C93D346237DEC5C00AAD124 /* Project object */;
}
